
Microsoft Visual Studio Solution File, Format Version 12.00
# Visual Studio Version 16
VisualStudioVersion = 16.0.29123.88
MinimumVisualStudioVersion = 15.0.26124.0
Project("{9A19103F-16F7-4668-BE54-9A1E7A4F7556}") = "Scryfall.OpenApi.Codegen", "src\Scryfall.OpenApi.Codegen\Scryfall.OpenApi.Codegen.csproj", "{EA7B5F4D-F8FD-4349-821A-0F46CE4C0D96}"
EndProject
Project("{9A19103F-16F7-4668-BE54-9A1E7A4F7556}") = "Scryfall.Api", "src\Scryfall.Api\Scryfall.Api.csproj", "{CDC18FA4-E6F1-495B-B20E-78F7E7E8F2B0}"
EndProject
Project("{2150E333-8FDC-42A3-9474-1A3956D46DE8}") = "Solution Items", "Solution Items", "{6409A7E1-1458-4B0C-BC5A-FEFD74B4B434}"
	ProjectSection(SolutionItems) = preProject
		build.cmd = build.cmd
		build.ps1 = build.ps1
		openapi.yml = openapi.yml
		README.md = README.md
	EndProjectSection
EndProject
Global
	GlobalSection(SolutionConfigurationPlatforms) = preSolution
		Debug|Any CPU = Debug|Any CPU
		Debug|x64 = Debug|x64
		Debug|x86 = Debug|x86
		Release|Any CPU = Release|Any CPU
		Release|x64 = Release|x64
		Release|x86 = Release|x86
	EndGlobalSection
	GlobalSection(ProjectConfigurationPlatforms) = postSolution
		{EA7B5F4D-F8FD-4349-821A-0F46CE4C0D96}.Debug|Any CPU.ActiveCfg = Debug|Any CPU
		{EA7B5F4D-F8FD-4349-821A-0F46CE4C0D96}.Debug|Any CPU.Build.0 = Debug|Any CPU
		{EA7B5F4D-F8FD-4349-821A-0F46CE4C0D96}.Debug|x64.ActiveCfg = Debug|Any CPU
		{EA7B5F4D-F8FD-4349-821A-0F46CE4C0D96}.Debug|x64.Build.0 = Debug|Any CPU
		{EA7B5F4D-F8FD-4349-821A-0F46CE4C0D96}.Debug|x86.ActiveCfg = Debug|Any CPU
		{EA7B5F4D-F8FD-4349-821A-0F46CE4C0D96}.Debug|x86.Build.0 = Debug|Any CPU
		{EA7B5F4D-F8FD-4349-821A-0F46CE4C0D96}.Release|Any CPU.ActiveCfg = Release|Any CPU
		{EA7B5F4D-F8FD-4349-821A-0F46CE4C0D96}.Release|Any CPU.Build.0 = Release|Any CPU
		{EA7B5F4D-F8FD-4349-821A-0F46CE4C0D96}.Release|x64.ActiveCfg = Release|Any CPU
		{EA7B5F4D-F8FD-4349-821A-0F46CE4C0D96}.Release|x64.Build.0 = Release|Any CPU
		{EA7B5F4D-F8FD-4349-821A-0F46CE4C0D96}.Release|x86.ActiveCfg = Release|Any CPU
		{EA7B5F4D-F8FD-4349-821A-0F46CE4C0D96}.Release|x86.Build.0 = Release|Any CPU
		{CDC18FA4-E6F1-495B-B20E-78F7E7E8F2B0}.Debug|Any CPU.ActiveCfg = Debug|Any CPU
		{CDC18FA4-E6F1-495B-B20E-78F7E7E8F2B0}.Debug|Any CPU.Build.0 = Debug|Any CPU
		{CDC18FA4-E6F1-495B-B20E-78F7E7E8F2B0}.Debug|x64.ActiveCfg = Debug|Any CPU
		{CDC18FA4-E6F1-495B-B20E-78F7E7E8F2B0}.Debug|x64.Build.0 = Debug|Any CPU
		{CDC18FA4-E6F1-495B-B20E-78F7E7E8F2B0}.Debug|x86.ActiveCfg = Debug|Any CPU
		{CDC18FA4-E6F1-495B-B20E-78F7E7E8F2B0}.Debug|x86.Build.0 = Debug|Any CPU
		{CDC18FA4-E6F1-495B-B20E-78F7E7E8F2B0}.Release|Any CPU.ActiveCfg = Release|Any CPU
		{CDC18FA4-E6F1-495B-B20E-78F7E7E8F2B0}.Release|Any CPU.Build.0 = Release|Any CPU
		{CDC18FA4-E6F1-495B-B20E-78F7E7E8F2B0}.Release|x64.ActiveCfg = Release|Any CPU
		{CDC18FA4-E6F1-495B-B20E-78F7E7E8F2B0}.Release|x64.Build.0 = Release|Any CPU
		{CDC18FA4-E6F1-495B-B20E-78F7E7E8F2B0}.Release|x86.ActiveCfg = Release|Any CPU
		{CDC18FA4-E6F1-495B-B20E-78F7E7E8F2B0}.Release|x86.Build.0 = Release|Any CPU
	EndGlobalSection
	GlobalSection(SolutionProperties) = preSolution
		HideSolutionNode = FALSE
	EndGlobalSection
	GlobalSection(ExtensibilityGlobals) = postSolution
		SolutionGuid = {3A552B1B-6689-42C6-A5FA-5CA183C1635E}
	EndGlobalSection
EndGlobal
